// !$*UTF8*$!
{
	archiveVersion = 1;
	classes = {
	};
	objectVersion = 46;
	objects = {

/* Begin PBXBuildFile section */
		FD14152B1E4274DD00B946AC /* AppDelegate.swift in Sources */ = {isa = PBXBuildFile; fileRef = FD14152A1E4274DD00B946AC /* AppDelegate.swift */; };
		FD14152D1E4274DD00B946AC /* GameScene.sks in Resources */ = {isa = PBXBuildFile; fileRef = FD14152C1E4274DD00B946AC /* GameScene.sks */; };
		FD14152F1E4274DD00B946AC /* Actions.sks in Resources */ = {isa = PBXBuildFile; fileRef = FD14152E1E4274DD00B946AC /* Actions.sks */; };
		FD1415311E4274DD00B946AC /* GameScene.swift in Sources */ = {isa = PBXBuildFile; fileRef = FD1415301E4274DD00B946AC /* GameScene.swift */; };
		FD1415331E4274DD00B946AC /* GameViewController.swift in Sources */ = {isa = PBXBuildFile; fileRef = FD1415321E4274DD00B946AC /* GameViewController.swift */; };
		FD1415361E4274DD00B946AC /* Main.storyboard in Resources */ = {isa = PBXBuildFile; fileRef = FD1415341E4274DD00B946AC /* Main.storyboard */; };
		FD1415381E4274DD00B946AC /* Assets.xcassets in Resources */ = {isa = PBXBuildFile; fileRef = FD1415371E4274DD00B946AC /* Assets.xcassets */; };
		FD14153B1E4274DD00B946AC /* LaunchScreen.storyboard in Resources */ = {isa = PBXBuildFile; fileRef = FD1415391E4274DD00B946AC /* LaunchScreen.storyboard */; };
		FD1415431E42788900B946AC /* Droplet.swift in Sources */ = {isa = PBXBuildFile; fileRef = FD1415421E42788900B946AC /* Droplet.swift */; };
		FD1415451E43B40900B946AC /* Cat.swift in Sources */ = {isa = PBXBuildFile; fileRef = FD1415441E43B40900B946AC /* Cat.swift */; };
		FD1415471E450EAF00B946AC /* HUDLayer.swift in Sources */ = {isa = PBXBuildFile; fileRef = FD1415461E450EAF00B946AC /* HUDLayer.swift */; };
		FD1415491E45823800B946AC /* ScoreController.swift in Sources */ = {isa = PBXBuildFile; fileRef = FD1415481E45823800B946AC /* ScoreController.swift */; };
		FD14154B1E45898E00B946AC /* StopWatch.swift in Sources */ = {isa = PBXBuildFile; fileRef = FD14154A1E45898E00B946AC /* StopWatch.swift */; };
		FD14154D1E465AAF00B946AC /* Splash.swift in Sources */ = {isa = PBXBuildFile; fileRef = FD14154C1E465AAF00B946AC /* Splash.swift */; };
		FD14154F1E46C76600B946AC /* IntroView.swift in Sources */ = {isa = PBXBuildFile; fileRef = FD14154E1E46C76600B946AC /* IntroView.swift */; };
		FD1415511E46C76D00B946AC /* LandingView.swift in Sources */ = {isa = PBXBuildFile; fileRef = FD1415501E46C76D00B946AC /* LandingView.swift */; };
		FD1415531E46FE1000B946AC /* RainFactory.swift in Sources */ = {isa = PBXBuildFile; fileRef = FD1415521E46FE1000B946AC /* RainFactory.swift */; };
		FD466ED81E48FBF300BA214D /* ScoreView.swift in Sources */ = {isa = PBXBuildFile; fileRef = FD466ED71E48FBF300BA214D /* ScoreView.swift */; };
		FD466EDA1E48FC1300BA214D /* CreditView.swift in Sources */ = {isa = PBXBuildFile; fileRef = FD466ED91E48FC1300BA214D /* CreditView.swift */; };
/* End PBXBuildFile section */

/* Begin PBXFileReference section */
		FD1415271E4274DD00B946AC /* WhackATime.app */ = {isa = PBXFileReference; explicitFileType = wrapper.application; includeInIndex = 0; path = WhackATime.app; sourceTree = BUILT_PRODUCTS_DIR; };
		FD14152A1E4274DD00B946AC /* AppDelegate.swift */ = {isa = PBXFileReference; lastKnownFileType = sourcecode.swift; path = AppDelegate.swift; sourceTree = "<group>"; };
		FD14152C1E4274DD00B946AC /* GameScene.sks */ = {isa = PBXFileReference; lastKnownFileType = file.sks; path = GameScene.sks; sourceTree = "<group>"; };
		FD14152E1E4274DD00B946AC /* Actions.sks */ = {isa = PBXFileReference; lastKnownFileType = file.sks; path = Actions.sks; sourceTree = "<group>"; };
		FD1415301E4274DD00B946AC /* GameScene.swift */ = {isa = PBXFileReference; lastKnownFileType = sourcecode.swift; path = GameScene.swift; sourceTree = "<group>"; };
		FD1415321E4274DD00B946AC /* GameViewController.swift */ = {isa = PBXFileReference; lastKnownFileType = sourcecode.swift; path = GameViewController.swift; sourceTree = "<group>"; };
		FD1415351E4274DD00B946AC /* Base */ = {isa = PBXFileReference; lastKnownFileType = file.storyboard; name = Base; path = Base.lproj/Main.storyboard; sourceTree = "<group>"; };
		FD1415371E4274DD00B946AC /* Assets.xcassets */ = {isa = PBXFileReference; lastKnownFileType = folder.assetcatalog; path = Assets.xcassets; sourceTree = "<group>"; };
		FD14153A1E4274DD00B946AC /* Base */ = {isa = PBXFileReference; lastKnownFileType = file.storyboard; name = Base; path = Base.lproj/LaunchScreen.storyboard; sourceTree = "<group>"; };
		FD14153C1E4274DD00B946AC /* Info.plist */ = {isa = PBXFileReference; lastKnownFileType = text.plist.xml; path = Info.plist; sourceTree = "<group>"; };
		FD1415421E42788900B946AC /* Droplet.swift */ = {isa = PBXFileReference; fileEncoding = 4; lastKnownFileType = sourcecode.swift; path = Droplet.swift; sourceTree = "<group>"; };
		FD1415441E43B40900B946AC /* Cat.swift */ = {isa = PBXFileReference; fileEncoding = 4; lastKnownFileType = sourcecode.swift; path = Cat.swift; sourceTree = "<group>"; };
		FD1415461E450EAF00B946AC /* HUDLayer.swift */ = {isa = PBXFileReference; fileEncoding = 4; lastKnownFileType = sourcecode.swift; path = HUDLayer.swift; sourceTree = "<group>"; };
		FD1415481E45823800B946AC /* ScoreController.swift */ = {isa = PBXFileReference; fileEncoding = 4; lastKnownFileType = sourcecode.swift; path = ScoreController.swift; sourceTree = "<group>"; };
		FD14154A1E45898E00B946AC /* StopWatch.swift */ = {isa = PBXFileReference; fileEncoding = 4; lastKnownFileType = sourcecode.swift; path = StopWatch.swift; sourceTree = "<group>"; };
		FD14154C1E465AAF00B946AC /* Splash.swift */ = {isa = PBXFileReference; fileEncoding = 4; lastKnownFileType = sourcecode.swift; path = Splash.swift; sourceTree = "<group>"; };
		FD14154E1E46C76600B946AC /* IntroView.swift */ = {isa = PBXFileReference; fileEncoding = 4; lastKnownFileType = sourcecode.swift; path = IntroView.swift; sourceTree = "<group>"; };
		FD1415501E46C76D00B946AC /* LandingView.swift */ = {isa = PBXFileReference; fileEncoding = 4; lastKnownFileType = sourcecode.swift; path = LandingView.swift; sourceTree = "<group>"; };
		FD1415521E46FE1000B946AC /* RainFactory.swift */ = {isa = PBXFileReference; fileEncoding = 4; lastKnownFileType = sourcecode.swift; path = RainFactory.swift; sourceTree = "<group>"; };
		FD466ED71E48FBF300BA214D /* ScoreView.swift */ = {isa = PBXFileReference; fileEncoding = 4; lastKnownFileType = sourcecode.swift; path = ScoreView.swift; sourceTree = "<group>"; };
		FD466ED91E48FC1300BA214D /* CreditView.swift */ = {isa = PBXFileReference; fileEncoding = 4; lastKnownFileType = sourcecode.swift; path = CreditView.swift; sourceTree = "<group>"; };
/* End PBXFileReference section */

/* Begin PBXFrameworksBuildPhase section */
		FD1415241E4274DD00B946AC /* Frameworks */ = {
			isa = PBXFrameworksBuildPhase;
			buildActionMask = 2147483647;
			files = (
			);
			runOnlyForDeploymentPostprocessing = 0;
		};
/* End PBXFrameworksBuildPhase section */

/* Begin PBXGroup section */
		FD14151E1E4274DD00B946AC = {
			isa = PBXGroup;
			children = (
				FD1415291E4274DD00B946AC /* WhackATime */,
				FD1415281E4274DD00B946AC /* Products */,
			);
			sourceTree = "<group>";
		};
		FD1415281E4274DD00B946AC /* Products */ = {
			isa = PBXGroup;
			children = (
				FD1415271E4274DD00B946AC /* WhackATime.app */,
			);
			name = Products;
			sourceTree = "<group>";
		};
		FD1415291E4274DD00B946AC /* WhackATime */ = {
			isa = PBXGroup;
			children = (
				FD14152A1E4274DD00B946AC /* AppDelegate.swift */,
				FD14152C1E4274DD00B946AC /* GameScene.sks */,
				FD14152E1E4274DD00B946AC /* Actions.sks */,
				FD1415301E4274DD00B946AC /* GameScene.swift */,
				FD1415521E46FE1000B946AC /* RainFactory.swift */,
				FD1415441E43B40900B946AC /* Cat.swift */,
				FD14154A1E45898E00B946AC /* StopWatch.swift */,
				FD1415481E45823800B946AC /* ScoreController.swift */,
				FD1415421E42788900B946AC /* Droplet.swift */,
				FD14154C1E465AAF00B946AC /* Splash.swift */,
				FD1415321E4274DD00B946AC /* GameViewController.swift */,
				FD1415461E450EAF00B946AC /* HUDLayer.swift */,
				FD14154E1E46C76600B946AC /* IntroView.swift */,
				FD466ED61E48FBDD00BA214D /* Landing */,
				FD1415341E4274DD00B946AC /* Main.storyboard */,
				FD1415371E4274DD00B946AC /* Assets.xcassets */,
				FD1415391E4274DD00B946AC /* LaunchScreen.storyboard */,
				FD14153C1E4274DD00B946AC /* Info.plist */,
			);
			path = WhackATime;
			sourceTree = "<group>";
		};
		FD466ED61E48FBDD00BA214D /* Landing */ = {
			isa = PBXGroup;
			children = (
				FD1415501E46C76D00B946AC /* LandingView.swift */,
				FD466ED71E48FBF300BA214D /* ScoreView.swift */,
				FD466ED91E48FC1300BA214D /* CreditView.swift */,
			);
			name = Landing;
			sourceTree = "<group>";
		};
/* End PBXGroup section */

/* Begin PBXNativeTarget section */
		FD1415261E4274DD00B946AC /* WhackATime */ = {
			isa = PBXNativeTarget;
			buildConfigurationList = FD14153F1E4274DD00B946AC /* Build configuration list for PBXNativeTarget "WhackATime" */;
			buildPhases = (
				FD1415231E4274DD00B946AC /* Sources */,
				FD1415241E4274DD00B946AC /* Frameworks */,
				FD1415251E4274DD00B946AC /* Resources */,
			);
			buildRules = (
			);
			dependencies = (
			);
			name = WhackATime;
			productName = WhackATime;
			productReference = FD1415271E4274DD00B946AC /* WhackATime.app */;
			productType = "com.apple.product-type.application";
		};
/* End PBXNativeTarget section */

/* Begin PBXProject section */
		FD14151F1E4274DD00B946AC /* Project object */ = {
			isa = PBXProject;
			attributes = {
				LastSwiftUpdateCheck = 0820;
				LastUpgradeCheck = 0820;
				ORGANIZATIONNAME = "Benjamin Su";
				TargetAttributes = {
					FD1415261E4274DD00B946AC = {
						CreatedOnToolsVersion = 8.2.1;
						ProvisioningStyle = Automatic;
					};
				};
			};
			buildConfigurationList = FD1415221E4274DD00B946AC /* Build configuration list for PBXProject "WhackATime" */;
			compatibilityVersion = "Xcode 3.2";
			developmentRegion = English;
			hasScannedForEncodings = 0;
			knownRegions = (
				en,
				Base,
			);
			mainGroup = FD14151E1E4274DD00B946AC;
			productRefGroup = FD1415281E4274DD00B946AC /* Products */;
			projectDirPath = "";
			projectRoot = "";
			targets = (
				FD1415261E4274DD00B946AC /* WhackATime */,
			);
		};
/* End PBXProject section */

/* Begin PBXResourcesBuildPhase section */
		FD1415251E4274DD00B946AC /* Resources */ = {
			isa = PBXResourcesBuildPhase;
			buildActionMask = 2147483647;
			files = (
				FD1415361E4274DD00B946AC /* Main.storyboard in Resources */,
				FD14152D1E4274DD00B946AC /* GameScene.sks in Resources */,
				FD1415381E4274DD00B946AC /* Assets.xcassets in Resources */,
				FD14153B1E4274DD00B946AC /* LaunchScreen.storyboard in Resources */,
				FD14152F1E4274DD00B946AC /* Actions.sks in Resources */,
			);
			runOnlyForDeploymentPostprocessing = 0;
		};
/* End PBXResourcesBuildPhase section */

/* Begin PBXSourcesBuildPhase section */
		FD1415231E4274DD00B946AC /* Sources */ = {
			isa = PBXSourcesBuildPhase;
			buildActionMask = 2147483647;
			files = (
				FD1415311E4274DD00B946AC /* GameScene.swift in Sources */,
				FD1415471E450EAF00B946AC /* HUDLayer.swift in Sources */,
				FD1415331E4274DD00B946AC /* GameViewController.swift in Sources */,
				FD1415491E45823800B946AC /* ScoreController.swift in Sources */,
				FD14154D1E465AAF00B946AC /* Splash.swift in Sources */,
				FD1415451E43B40900B946AC /* Cat.swift in Sources */,
				FD1415531E46FE1000B946AC /* RainFactory.swift in Sources */,
				FD1415431E42788900B946AC /* Droplet.swift in Sources */,
				FD14154F1E46C76600B946AC /* IntroView.swift in Sources */,
				FD14152B1E4274DD00B946AC /* AppDelegate.swift in Sources */,
				FD1415511E46C76D00B946AC /* LandingView.swift in Sources */,
				FD466ED81E48FBF300BA214D /* ScoreView.swift in Sources */,
				FD14154B1E45898E00B946AC /* StopWatch.swift in Sources */,
				FD466EDA1E48FC1300BA214D /* CreditView.swift in Sources */,
			);
			runOnlyForDeploymentPostprocessing = 0;
		};
/* End PBXSourcesBuildPhase section */

/* Begin PBXVariantGroup section */
		FD1415341E4274DD00B946AC /* Main.storyboard */ = {
			isa = PBXVariantGroup;
			children = (
				FD1415351E4274DD00B946AC /* Base */,
			);
			name = Main.storyboard;
			sourceTree = "<group>";
		};
		FD1415391E4274DD00B946AC /* LaunchScreen.storyboard */ = {
			isa = PBXVariantGroup;
			children = (
				FD14153A1E4274DD00B946AC /* Base */,
			);
			name = LaunchScreen.storyboard;
			sourceTree = "<group>";
		};
/* End PBXVariantGroup section */

/* Begin XCBuildConfiguration section */
		FD14153D1E4274DD00B946AC /* Debug */ = {
			isa = XCBuildConfiguration;
			buildSettings = {
				ALWAYS_SEARCH_USER_PATHS = NO;
				CLANG_ANALYZER_NONNULL = YES;
				CLANG_CXX_LANGUAGE_STANDARD = "gnu++0x";
				CLANG_CXX_LIBRARY = "libc++";
				CLANG_ENABLE_MODULES = YES;
				CLANG_ENABLE_OBJC_ARC = YES;
				CLANG_WARN_BOOL_CONVERSION = YES;
				CLANG_WARN_CONSTANT_CONVERSION = YES;
				CLANG_WARN_DIRECT_OBJC_ISA_USAGE = YES_ERROR;
				CLANG_WARN_DOCUMENTATION_COMMENTS = YES;
				CLANG_WARN_EMPTY_BODY = YES;
				CLANG_WARN_ENUM_CONVERSION = YES;
				CLANG_WARN_INFINITE_RECURSION = YES;
				CLANG_WARN_INT_CONVERSION = YES;
				CLANG_WARN_OBJC_ROOT_CLASS = YES_ERROR;
				CLANG_WARN_SUSPICIOUS_MOVE = YES;
				CLANG_WARN_UNREACHABLE_CODE = YES;
				CLANG_WARN__DUPLICATE_METHOD_MATCH = YES;
				"CODE_SIGN_IDENTITY[sdk=iphoneos*]" = "iPhone Developer";
				COPY_PHASE_STRIP = NO;
				DEBUG_INFORMATION_FORMAT = dwarf;
				ENABLE_STRICT_OBJC_MSGSEND = YES;
				ENABLE_TESTABILITY = YES;
				GCC_C_LANGUAGE_STANDARD = gnu99;
				GCC_DYNAMIC_NO_PIC = NO;
				GCC_NO_COMMON_BLOCKS = YES;
				GCC_OPTIMIZATION_LEVEL = 0;
				GCC_PREPROCESSOR_DEFINITIONS = (
					"DEBUG=1",
					"$(inherited)",
				);
				GCC_WARN_64_TO_32_BIT_CONVERSION = YES;
				GCC_WARN_ABOUT_RETURN_TYPE = YES_ERROR;
				GCC_WARN_UNDECLARED_SELECTOR = YES;
				GCC_WARN_UNINITIALIZED_AUTOS = YES_AGGRESSIVE;
				GCC_WARN_UNUSED_FUNCTION = YES;
				GCC_WARN_UNUSED_VARIABLE = YES;
				IPHONEOS_DEPLOYMENT_TARGET = 10.2;
				MTL_ENABLE_DEBUG_INFO = YES;
				ONLY_ACTIVE_ARCH = YES;
				SDKROOT = iphoneos;
				SWIFT_ACTIVE_COMPILATION_CONDITIONS = DEBUG;
				SWIFT_OPTIMIZATION_LEVEL = "-Onone";
				TARGETED_DEVICE_FAMILY = "1,2";
			};
			name = Debug;
		};
		FD14153E1E4274DD00B946AC /* Release */ = {
			isa = XCBuildConfiguration;
			buildSettings = {
				ALWAYS_SEARCH_USER_PATHS = NO;
				CLANG_ANALYZER_NONNULL = YES;
				CLANG_CXX_LANGUAGE_STANDARD = "gnu++0x";
				CLANG_CXX_LIBRARY = "libc++";
				CLANG_ENABLE_MODULES = YES;
				CLANG_ENABLE_OBJC_ARC = YES;
				CLANG_WARN_BOOL_CONVERSION = YES;
				CLANG_WARN_CONSTANT_CONVERSION = YES;
				CLANG_WARN_DIRECT_OBJC_ISA_USAGE = YES_ERROR;
				CLANG_WARN_DOCUMENTATION_COMMENTS = YES;
				CLANG_WARN_EMPTY_BODY = YES;
				CLANG_WARN_ENUM_CONVERSION = YES;
				CLANG_WARN_INFINITE_RECURSION = YES;
				CLANG_WARN_INT_CONVERSION = YES;
				CLANG_WARN_OBJC_ROOT_CLASS = YES_ERROR;
				CLANG_WARN_SUSPICIOUS_MOVE = YES;
				CLANG_WARN_UNREACHABLE_CODE = YES;
				CLANG_WARN__DUPLICATE_METHOD_MATCH = YES;
				"CODE_SIGN_IDENTITY[sdk=iphoneos*]" = "iPhone Developer";
				COPY_PHASE_STRIP = NO;
				DEBUG_INFORMATION_FORMAT = "dwarf-with-dsym";
				ENABLE_NS_ASSERTIONS = NO;
				ENABLE_STRICT_OBJC_MSGSEND = YES;
				GCC_C_LANGUAGE_STANDARD = gnu99;
				GCC_NO_COMMON_BLOCKS = YES;
				GCC_WARN_64_TO_32_BIT_CONVERSION = YES;
				GCC_WARN_ABOUT_RETURN_TYPE = YES_ERROR;
				GCC_WARN_UNDECLARED_SELECTOR = YES;
				GCC_WARN_UNINITIALIZED_AUTOS = YES_AGGRESSIVE;
				GCC_WARN_UNUSED_FUNCTION = YES;
				GCC_WARN_UNUSED_VARIABLE = YES;
				IPHONEOS_DEPLOYMENT_TARGET = 10.2;
				MTL_ENABLE_DEBUG_INFO = NO;
				SDKROOT = iphoneos;
				SWIFT_OPTIMIZATION_LEVEL = "-Owholemodule";
				TARGETED_DEVICE_FAMILY = "1,2";
				VALIDATE_PRODUCT = YES;
			};
			name = Release;
		};
		FD1415401E4274DD00B946AC /* Debug */ = {
			isa = XCBuildConfiguration;
			buildSettings = {
				ASSETCATALOG_COMPILER_APPICON_NAME = AppIcon;
				INFOPLIST_FILE = WhackATime/Info.plist;
				LD_RUNPATH_SEARCH_PATHS = "$(inherited) @executable_path/Frameworks";
				PRODUCT_BUNDLE_IDENTIFIER = BS.WhackATime;
				PRODUCT_NAME = "$(TARGET_NAME)";
				SWIFT_VERSION = 3.0;
			};
			name = Debug;
		};
		FD1415411E4274DD00B946AC /* Release */ = {
			isa = XCBuildConfiguration;
			buildSettings = {
				ASSETCATALOG_COMPILER_APPICON_NAME = AppIcon;
				INFOPLIST_FILE = WhackATime/Info.plist;
				LD_RUNPATH_SEARCH_PATHS = "$(inherited) @executable_path/Frameworks";
				PRODUCT_BUNDLE_IDENTIFIER = BS.WhackATime;
				PRODUCT_NAME = "$(TARGET_NAME)";
				SWIFT_VERSION = 3.0;
			};
			name = Release;
		};
/* End XCBuildConfiguration section */

/* Begin XCConfigurationList section */
		FD1415221E4274DD00B946AC /* Build configuration list for PBXProject "WhackATime" */ = {
			isa = XCConfigurationList;
			buildConfigurations = (
				FD14153D1E4274DD00B946AC /* Debug */,
				FD14153E1E4274DD00B946AC /* Release */,
			);
			defaultConfigurationIsVisible = 0;
			defaultConfigurationName = Release;
		};
		FD14153F1E4274DD00B946AC /* Build configuration list for PBXNativeTarget "WhackATime" */ = {
			isa = XCConfigurationList;
			buildConfigurations = (
				FD1415401E4274DD00B946AC /* Debug */,
				FD1415411E4274DD00B946AC /* Release */,
			);
			defaultConfigurationIsVisible = 0;
			defaultConfigurationName = Release;
		};
/* End XCConfigurationList section */
	};
	rootObject = FD14151F1E4274DD00B946AC /* Project object */;
}
